
Microsoft Visual Studio Solution File, Format Version 12.00
# Visual Studio Version 17
VisualStudioVersion = 17.8.34322.80
MinimumVisualStudioVersion = 10.0.40219.1
Project("{9A19103F-16F7-4668-BE54-9A1E7A4F7556}") = "PostLand.Domain", "PostLand.Domain\PostLand.Domain.csproj", "{315068CF-D12E-4901-AA06-80947572D2E6}"
EndProject
Project("{2150E333-8FDC-42A3-9474-1A3956D46DE8}") = "src", "src", "{3BF9D60B-9B9E-44A4-8165-48107FAC1268}"
EndProject
Project("{2150E333-8FDC-42A3-9474-1A3956D46DE8}") = "test", "test", "{900B1CE5-024D-466F-95D6-D952C6D49A2F}"
EndProject
Project("{2150E333-8FDC-42A3-9474-1A3956D46DE8}") = "Core", "Core", "{D735B022-ABE3-4878-A5FD-C38C7BE22F54}"
EndProject
Project("{2150E333-8FDC-42A3-9474-1A3956D46DE8}") = "Infrastructure", "Infrastructure", "{A2D8BD28-5667-494E-B0D5-8D6AA4D9440D}"
EndProject
Project("{2150E333-8FDC-42A3-9474-1A3956D46DE8}") = "UI", "UI", "{1FA4CA1D-5700-4FC0-9918-B3065D83FC95}"
EndProject
Project("{2150E333-8FDC-42A3-9474-1A3956D46DE8}") = "Api", "Api", "{394D4A48-B189-4FE1-9393-08B816168B6C}"
EndProject
Project("{9A19103F-16F7-4668-BE54-9A1E7A4F7556}") = "PostLand.Application", "PostLand.Application\PostLand.Application.csproj", "{A3263552-ACAB-42C0-8190-32B910B81CE5}"
EndProject
Project("{FAE04EC0-301F-11D3-BF4B-00C04F79EFBC}") = "PostLand.Persistence", "PostLand.Persistence\PostLand.Persistence.csproj", "{2308E988-B9CF-4CC8-9D9D-AECAA504FF5C}"
EndProject
Project("{FAE04EC0-301F-11D3-BF4B-00C04F79EFBC}") = "PostLand.Api", "PostLand.Api\PostLand.Api.csproj", "{3326BDE7-90F5-4EAE-8B36-585E15BD8138}"
EndProject
Global
	GlobalSection(SolutionConfigurationPlatforms) = preSolution
		Debug|Any CPU = Debug|Any CPU
		Release|Any CPU = Release|Any CPU
	EndGlobalSection
	GlobalSection(ProjectConfigurationPlatforms) = postSolution
		{315068CF-D12E-4901-AA06-80947572D2E6}.Debug|Any CPU.ActiveCfg = Debug|Any CPU
		{315068CF-D12E-4901-AA06-80947572D2E6}.Debug|Any CPU.Build.0 = Debug|Any CPU
		{315068CF-D12E-4901-AA06-80947572D2E6}.Release|Any CPU.ActiveCfg = Release|Any CPU
		{315068CF-D12E-4901-AA06-80947572D2E6}.Release|Any CPU.Build.0 = Release|Any CPU
		{A3263552-ACAB-42C0-8190-32B910B81CE5}.Debug|Any CPU.ActiveCfg = Debug|Any CPU
		{A3263552-ACAB-42C0-8190-32B910B81CE5}.Debug|Any CPU.Build.0 = Debug|Any CPU
		{A3263552-ACAB-42C0-8190-32B910B81CE5}.Release|Any CPU.ActiveCfg = Release|Any CPU
		{A3263552-ACAB-42C0-8190-32B910B81CE5}.Release|Any CPU.Build.0 = Release|Any CPU
		{2308E988-B9CF-4CC8-9D9D-AECAA504FF5C}.Debug|Any CPU.ActiveCfg = Debug|Any CPU
		{2308E988-B9CF-4CC8-9D9D-AECAA504FF5C}.Debug|Any CPU.Build.0 = Debug|Any CPU
		{2308E988-B9CF-4CC8-9D9D-AECAA504FF5C}.Release|Any CPU.ActiveCfg = Release|Any CPU
		{2308E988-B9CF-4CC8-9D9D-AECAA504FF5C}.Release|Any CPU.Build.0 = Release|Any CPU
		{3326BDE7-90F5-4EAE-8B36-585E15BD8138}.Debug|Any CPU.ActiveCfg = Debug|Any CPU
		{3326BDE7-90F5-4EAE-8B36-585E15BD8138}.Debug|Any CPU.Build.0 = Debug|Any CPU
		{3326BDE7-90F5-4EAE-8B36-585E15BD8138}.Release|Any CPU.ActiveCfg = Release|Any CPU
		{3326BDE7-90F5-4EAE-8B36-585E15BD8138}.Release|Any CPU.Build.0 = Release|Any CPU
	EndGlobalSection
	GlobalSection(SolutionProperties) = preSolution
		HideSolutionNode = FALSE
	EndGlobalSection
	GlobalSection(NestedProjects) = preSolution
		{315068CF-D12E-4901-AA06-80947572D2E6} = {D735B022-ABE3-4878-A5FD-C38C7BE22F54}
		{D735B022-ABE3-4878-A5FD-C38C7BE22F54} = {3BF9D60B-9B9E-44A4-8165-48107FAC1268}
		{A2D8BD28-5667-494E-B0D5-8D6AA4D9440D} = {3BF9D60B-9B9E-44A4-8165-48107FAC1268}
		{1FA4CA1D-5700-4FC0-9918-B3065D83FC95} = {3BF9D60B-9B9E-44A4-8165-48107FAC1268}
		{394D4A48-B189-4FE1-9393-08B816168B6C} = {3BF9D60B-9B9E-44A4-8165-48107FAC1268}
		{A3263552-ACAB-42C0-8190-32B910B81CE5} = {D735B022-ABE3-4878-A5FD-C38C7BE22F54}
		{2308E988-B9CF-4CC8-9D9D-AECAA504FF5C} = {A2D8BD28-5667-494E-B0D5-8D6AA4D9440D}
		{3326BDE7-90F5-4EAE-8B36-585E15BD8138} = {394D4A48-B189-4FE1-9393-08B816168B6C}
	EndGlobalSection
	GlobalSection(ExtensibilityGlobals) = postSolution
		SolutionGuid = {B355895B-3A9A-4FF9-AAD0-5CFD797B7A61}
	EndGlobalSection
EndGlobal
